
Microsoft Visual Studio Solution File, Format Version 12.00
# Visual Studio Version 16
VisualStudioVersion = 16.0.30330.147
MinimumVisualStudioVersion = 10.0.40219.1
Project("{FAE04EC0-301F-11D3-BF4B-00C04F79EFBC}") = "BankProject", "BankProject\BankProject.csproj", "{F43959D9-0CD2-40DA-B1CA-11838D97469F}"
EndProject
Global
	GlobalSection(SolutionConfigurationPlatforms) = preSolution
		Debug|Any CPU = Debug|Any CPU
		Release|Any CPU = Release|Any CPU
	EndGlobalSection
	GlobalSection(ProjectConfigurationPlatforms) = postSolution
		{F43959D9-0CD2-40DA-B1CA-11838D97469F}.Debug|Any CPU.ActiveCfg = Debug|Any CPU
		{F43959D9-0CD2-40DA-B1CA-11838D97469F}.Debug|Any CPU.Build.0 = Debug|Any CPU
		{F43959D9-0CD2-40DA-B1CA-11838D97469F}.Release|Any CPU.ActiveCfg = Release|Any CPU
		{F43959D9-0CD2-40DA-B1CA-11838D97469F}.Release|Any CPU.Build.0 = Release|Any CPU
	EndGlobalSection
	GlobalSection(SolutionProperties) = preSolution
		HideSolutionNode = FALSE
	EndGlobalSection
	GlobalSection(ExtensibilityGlobals) = postSolution
		SolutionGuid = {D2A3BAB0-8B0B-412C-82CB-7FCE364D3994}
	EndGlobalSection
EndGlobal
